
Microsoft Visual Studio Solution File, Format Version 12.00
# Visual Studio Version 17
VisualStudioVersion = 17.10.35027.167
MinimumVisualStudioVersion = 10.0.40219.1
Project("{FAE04EC0-301F-11D3-BF4B-00C04F79EFBC}") = "ASP.NET-2", "ASP.NET-2\ASP.NET-2.csproj", "{EC7FEB45-8AA4-4A15-80F0-A8FD0F7AEE17}"
EndProject
Global
	GlobalSection(SolutionConfigurationPlatforms) = preSolution
		Debug|Any CPU = Debug|Any CPU
		Release|Any CPU = Release|Any CPU
	EndGlobalSection
	GlobalSection(ProjectConfigurationPlatforms) = postSolution
		{EC7FEB45-8AA4-4A15-80F0-A8FD0F7AEE17}.Debug|Any CPU.ActiveCfg = Debug|Any CPU
		{EC7FEB45-8AA4-4A15-80F0-A8FD0F7AEE17}.Debug|Any CPU.Build.0 = Debug|Any CPU
		{EC7FEB45-8AA4-4A15-80F0-A8FD0F7AEE17}.Release|Any CPU.ActiveCfg = Release|Any CPU
		{EC7FEB45-8AA4-4A15-80F0-A8FD0F7AEE17}.Release|Any CPU.Build.0 = Release|Any CPU
	EndGlobalSection
	GlobalSection(SolutionProperties) = preSolution
		HideSolutionNode = FALSE
	EndGlobalSection
	GlobalSection(ExtensibilityGlobals) = postSolution
		SolutionGuid = {EC95368C-6773-4D06-B5C1-EDBB284C63D1}
	EndGlobalSection
EndGlobal
